
Microsoft Visual Studio Solution File, Format Version 12.00
# Visual Studio 15
VisualStudioVersion = 15.0.26730.12
MinimumVisualStudioVersion = 10.0.40219.1
Project("{FAE04EC0-301F-11D3-BF4B-00C04F79EFBC}") = "TextAdventure", "TextAdventure\TextAdventure.csproj", "{F0BDF252-05B0-4C4C-AB65-A3A0EC8DA256}"
EndProject
Global
	GlobalSection(SolutionConfigurationPlatforms) = preSolution
		Debug|Any CPU = Debug|Any CPU
		Release|Any CPU = Release|Any CPU
	EndGlobalSection
	GlobalSection(ProjectConfigurationPlatforms) = postSolution
		{F0BDF252-05B0-4C4C-AB65-A3A0EC8DA256}.Debug|Any CPU.ActiveCfg = Debug|Any CPU
		{F0BDF252-05B0-4C4C-AB65-A3A0EC8DA256}.Debug|Any CPU.Build.0 = Debug|Any CPU
		{F0BDF252-05B0-4C4C-AB65-A3A0EC8DA256}.Release|Any CPU.ActiveCfg = Release|Any CPU
		{F0BDF252-05B0-4C4C-AB65-A3A0EC8DA256}.Release|Any CPU.Build.0 = Release|Any CPU
	EndGlobalSection
	GlobalSection(SolutionProperties) = preSolution
		HideSolutionNode = FALSE
	EndGlobalSection
	GlobalSection(ExtensibilityGlobals) = postSolution
		SolutionGuid = {563BD1D5-DDAF-410A-8E9C-A573ED5C0997}
	EndGlobalSection
EndGlobal
